PODS:
  - BlocksKit (2.2.2):
    - BlocksKit/All
  - BlocksKit/All (2.2.2):
    - BlocksKit/Core
    - BlocksKit/DynamicDelegate
    - BlocksKit/MessageUI
    - BlocksKit/UIKit
  - BlocksKit/Core (2.2.2)
  - BlocksKit/DynamicDelegate (2.2.2)
  - BlocksKit/MessageUI (2.2.2):
    - BlocksKit/Core
    - BlocksKit/DynamicDelegate
  - BlocksKit/UIKit (2.2.2):
    - BlocksKit/Core
    - BlocksKit/DynamicDelegate
  - Bolts (1.1.5):
    - Bolts/AppLinks
    - Bolts/Tasks
  - Bolts/AppLinks (1.1.5):
    - Bolts/Tasks
  - Bolts/Tasks (1.1.5)
  - CorePlot (1.5.1)
  - Facebook-iOS-SDK (3.23.2):
    - Bolts (~> 1.0)
  - FMDB (2.2):
    - FMDB/standard
  - FMDB/common (2.2)
  - FMDB/standard (2.2):
    - FMDB/common
  - GoogleAnalytics-iOS-SDK (3.0.6)
  - Kiwi (2.2.4):
    - Kiwi/SenTestingKit
  - Kiwi/ARC (2.2.4)
  - Kiwi/NonARC (2.2.4)
  - Kiwi/SenTestingKit (2.2.4):
    - Kiwi/ARC
    - Kiwi/NonARC
  - LUKeychainAccess (1.2.0)
  - MSSimpleGauge (0.5)
  - Parse (1.2.19):
    - Facebook-iOS-SDK (~> 3.11)
  - SVProgressHUD (1.0)
  - SZTextView (1.1.1)

DEPENDENCIES:
  - BlocksKit
  - CorePlot (~> 1.4)
  - FMDB
  - GoogleAnalytics-iOS-SDK (~> 3.0)
  - Kiwi (>= 2.2.1)
  - LUKeychainAccess
  - MSSimpleGauge (~> 0.5)
  - Parse
  - SVProgressHUD
  - SZTextView (~> 1.1.0)

SPEC CHECKSUMS:
  BlocksKit: 8557ca36d58151724e4027b81e429812ed7dc06c
  Bolts: aac24961496d504aa56fc267cde95162a71bac39
  CorePlot: 53d823a4de5e4e662311cae4cdcb230e146c5c90
  Facebook-iOS-SDK: cd87f0b2f0c1d9574b44e8fa2baacc275524bac3
  FMDB: 0678cab3b024ea6a2e6ea5dd91fc8eb9a296bf57
  GoogleAnalytics-iOS-SDK: c0e1b70cd54e0061c3edf27ddf91948895de73cd
  Kiwi: 5d574f31ceac18ba417f5dac6c7f9f1a3e86962d
  LUKeychainAccess: b1a831628aa84ca531a71d9309f2cf8e5d194e56
  MSSimpleGauge: e5f7bf2561f1338055fcd321c5469b0d6c689d14
  Parse: edcb452d76e52009de584a410d77037fdb404651
  SVProgressHUD: 46088807596a795cbcb4affd92cf3f13b6ab3dda
  SZTextView: 9c0ae45316c4175c699451d12c6d4a8b682032a8

COCOAPODS: 0.32.1
