// !$*UTF8*$!
{
	archiveVersion = 1;
	classes = {
	};
	objectVersion = 46;
	objects = {

/* Begin PBXBuildFile section */
		29501ED01858C8B6004AF7F9 /* HALActivityManager.m in Sources */ = {isa = PBXBuildFile; fileRef = 29501ECF1858C8B6004AF7F9 /* HALActivityManager.m */; };
		29501EDF185A8AB5004AF7F9 /* HALActivityViewController.m in Sources */ = {isa = PBXBuildFile; fileRef = 29501EDD185A8AB5004AF7F9 /* HALActivityViewController.m */; };
		29501EE0185A8AB5004AF7F9 /* HALActivityViewController.xib in Resources */ = {isa = PBXBuildFile; fileRef = 29501EDE185A8AB5004AF7F9 /* HALActivityViewController.xib */; };
		29501EE4185A8AD2004AF7F9 /* HALActivityTableViewController.m in Sources */ = {isa = PBXBuildFile; fileRef = 29501EE2185A8AD2004AF7F9 /* HALActivityTableViewController.m */; };
		29501EE5185A8AD2004AF7F9 /* HALActivityTableViewController.xib in Resources */ = {isa = PBXBuildFile; fileRef = 29501EE3185A8AD2004AF7F9 /* HALActivityTableViewController.xib */; };
		29501EE7185BEE04004AF7F9 /* MapKit.framework in Frameworks */ = {isa = PBXBuildFile; fileRef = 29501EE6185BEE04004AF7F9 /* MapKit.framework */; };
		29501EEA185BF76F004AF7F9 /* HALLocationManager.m in Sources */ = {isa = PBXBuildFile; fileRef = 29501EE9185BF76F004AF7F9 /* HALLocationManager.m */; };
		295E905D1853FE3D000BA5FE /* Foundation.framework in Frameworks */ = {isa = PBXBuildFile; fileRef = 295E905C1853FE3D000BA5FE /* Foundation.framework */; };
		295E905F1853FE3D000BA5FE /* CoreGraphics.framework in Frameworks */ = {isa = PBXBuildFile; fileRef = 295E905E1853FE3D000BA5FE /* CoreGraphics.framework */; };
		295E90611853FE3E000BA5FE /* UIKit.framework in Frameworks */ = {isa = PBXBuildFile; fileRef = 295E90601853FE3E000BA5FE /* UIKit.framework */; };
		295E90671853FE3E000BA5FE /* InfoPlist.strings in Resources */ = {isa = PBXBuildFile; fileRef = 295E90651853FE3E000BA5FE /* InfoPlist.strings */; };
		295E90691853FE3E000BA5FE /* main.m in Sources */ = {isa = PBXBuildFile; fileRef = 295E90681853FE3E000BA5FE /* main.m */; };
		295E906D1853FE3E000BA5FE /* HALAppDelegate.m in Sources */ = {isa = PBXBuildFile; fileRef = 295E906C1853FE3E000BA5FE /* HALAppDelegate.m */; };
		295E90751853FE3E000BA5FE /* Images.xcassets in Resources */ = {isa = PBXBuildFile; fileRef = 295E90741853FE3E000BA5FE /* Images.xcassets */; };
		295E907C1853FE3E000BA5FE /* XCTest.framework in Frameworks */ = {isa = PBXBuildFile; fileRef = 295E907B1853FE3E000BA5FE /* XCTest.framework */; };
		295E907D1853FE3E000BA5FE /* Foundation.framework in Frameworks */ = {isa = PBXBuildFile; fileRef = 295E905C1853FE3D000BA5FE /* Foundation.framework */; };
		295E907E1853FE3E000BA5FE /* UIKit.framework in Frameworks */ = {isa = PBXBuildFile; fileRef = 295E90601853FE3E000BA5FE /* UIKit.framework */; };
		295E90861853FE3E000BA5FE /* InfoPlist.strings in Resources */ = {isa = PBXBuildFile; fileRef = 295E90841853FE3E000BA5FE /* InfoPlist.strings */; };
		295E90881853FE3E000BA5FE /* HALBirdRecordTests.m in Sources */ = {isa = PBXBuildFile; fileRef = 295E90871853FE3E000BA5FE /* HALBirdRecordTests.m */; };
		295E909B18540994000BA5FE /* UIViewController+HALViewControllerFromNib.m in Sources */ = {isa = PBXBuildFile; fileRef = 295E909A18540994000BA5FE /* UIViewController+HALViewControllerFromNib.m */; };
		295E909E18540C44000BA5FE /* BirdKind.plist in Resources */ = {isa = PBXBuildFile; fileRef = 295E909D18540C44000BA5FE /* BirdKind.plist */; };
		295E90AA18541087000BA5FE /* HALBirdKindListViewController.m in Sources */ = {isa = PBXBuildFile; fileRef = 295E90A818541087000BA5FE /* HALBirdKindListViewController.m */; };
		295E90AB18541087000BA5FE /* HALBirdKindListViewController.xib in Resources */ = {isa = PBXBuildFile; fileRef = 295E90A918541087000BA5FE /* HALBirdKindListViewController.xib */; };
		295E90AF185410C5000BA5FE /* HALFlatBirdKindListTableViewController.m in Sources */ = {isa = PBXBuildFile; fileRef = 295E90AD185410C5000BA5FE /* HALFlatBirdKindListTableViewController.m */; };
		295E90B0185410C5000BA5FE /* HALFlatBirdKindListTableViewController.xib in Resources */ = {isa = PBXBuildFile; fileRef = 295E90AE185410C5000BA5FE /* HALFlatBirdKindListTableViewController.xib */; };
		295E90B41854111D000BA5FE /* HALBirdKindList.m in Sources */ = {isa = PBXBuildFile; fileRef = 295E90B31854111D000BA5FE /* HALBirdKindList.m */; };
		295E90B818541369000BA5FE /* HALBirdKind.m in Sources */ = {isa = PBXBuildFile; fileRef = 295E90B718541369000BA5FE /* HALBirdKind.m */; };
		295E90C118546328000BA5FE /* HALBirdRecord.m in Sources */ = {isa = PBXBuildFile; fileRef = 295E90C018546328000BA5FE /* HALBirdRecord.m */; };
		295E90C3185466F4000BA5FE /* CoreLocation.framework in Frameworks */ = {isa = PBXBuildFile; fileRef = 295E90C2185466F4000BA5FE /* CoreLocation.framework */; };
		295E90CA18554739000BA5FE /* HALDB.m in Sources */ = {isa = PBXBuildFile; fileRef = 295E90C918554739000BA5FE /* HALDB.m */; };
		295E90CD1855488C000BA5FE /* NSURL+HALLocalFileURL.m in Sources */ = {isa = PBXBuildFile; fileRef = 295E90CC1855488C000BA5FE /* NSURL+HALLocalFileURL.m */; };
		295E90D018560789000BA5FE /* HALActivity.m in Sources */ = {isa = PBXBuildFile; fileRef = 295E90CF18560789000BA5FE /* HALActivity.m */; };
		295E90D418575F52000BA5FE /* HALSaveActivityViewController.m in Sources */ = {isa = PBXBuildFile; fileRef = 295E90D218575F52000BA5FE /* HALSaveActivityViewController.m */; };
		295E90D518575F52000BA5FE /* HALSaveActivityViewController.xib in Resources */ = {isa = PBXBuildFile; fileRef = 295E90D318575F52000BA5FE /* HALSaveActivityViewController.xib */; };
		295E90D818576E84000BA5FE /* NSDate+HALDateString.m in Sources */ = {isa = PBXBuildFile; fileRef = 295E90D718576E84000BA5FE /* NSDate+HALDateString.m */; };
		295E90DB1857ECC6000BA5FE /* UIViewController+HALSetCancelButton.m in Sources */ = {isa = PBXBuildFile; fileRef = 295E90DA1857ECC5000BA5FE /* UIViewController+HALSetCancelButton.m */; };
		295E90E018587EEC000BA5FE /* HALActivityListViewController.m in Sources */ = {isa = PBXBuildFile; fileRef = 295E90DE18587EEC000BA5FE /* HALActivityListViewController.m */; };
		295E90E118587EEC000BA5FE /* HALActivityListViewController.xib in Resources */ = {isa = PBXBuildFile; fileRef = 295E90DF18587EEC000BA5FE /* HALActivityListViewController.xib */; };
		295E90E518587F14000BA5FE /* HALActivityListTableViewController.m in Sources */ = {isa = PBXBuildFile; fileRef = 295E90E318587F14000BA5FE /* HALActivityListTableViewController.m */; };
		295E90E618587F14000BA5FE /* HALActivityListTableViewController.xib in Resources */ = {isa = PBXBuildFile; fileRef = 295E90E418587F14000BA5FE /* HALActivityListTableViewController.xib */; };
		8CB74CD249324A338FFEA57C /* libPods.a in Frameworks */ = {isa = PBXBuildFile; fileRef = A83F48CF6BC54B5CA5918A6C /* libPods.a */; };
		A816F01858504F41A6567D35 /* libPods-HALBirdRecordTests.a in Frameworks */ = {isa = PBXBuildFile; fileRef = C62F65DBDAAF458D961E9430 /* libPods-HALBirdRecordTests.a */; };
/* End PBXBuildFile section */

/* Begin PBXContainerItemProxy section */
		295E907F1853FE3E000BA5FE /* PBXContainerItemProxy */ = {
			isa = PBXContainerItemProxy;
			containerPortal = 295E90511853FE3D000BA5FE /* Project object */;
			proxyType = 1;
			remoteGlobalIDString = 295E90581853FE3D000BA5FE;
			remoteInfo = HALBirdRecord;
		};
/* End PBXContainerItemProxy section */

/* Begin PBXFileReference section */
		29501ECE1858C8B6004AF7F9 /* HALActivityManager.h */ = {isa = PBXFileReference; fileEncoding = 4; lastKnownFileType = sourcecode.c.h; path = HALActivityManager.h; sourceTree = "<group>"; };
		29501ECF1858C8B6004AF7F9 /* HALActivityManager.m */ = {isa = PBXFileReference; fileEncoding = 4; lastKnownFileType = sourcecode.c.objc; path = HALActivityManager.m; sourceTree = "<group>"; };
		29501EDC185A8AB5004AF7F9 /* HALActivityViewController.h */ = {isa = PBXFileReference; fileEncoding = 4; lastKnownFileType = sourcecode.c.h; path = HALActivityViewController.h; sourceTree = "<group>"; };
		29501EDD185A8AB5004AF7F9 /* HALActivityViewController.m */ = {isa = PBXFileReference; fileEncoding = 4; lastKnownFileType = sourcecode.c.objc; path = HALActivityViewController.m; sourceTree = "<group>"; };
		29501EDE185A8AB5004AF7F9 /* HALActivityViewController.xib */ = {isa = PBXFileReference; fileEncoding = 4; lastKnownFileType = file.xib; path = HALActivityViewController.xib; sourceTree = "<group>"; };
		29501EE1185A8AD2004AF7F9 /* HALActivityTableViewController.h */ = {isa = PBXFileReference; fileEncoding = 4; lastKnownFileType = sourcecode.c.h; path = HALActivityTableViewController.h; sourceTree = "<group>"; };
		29501EE2185A8AD2004AF7F9 /* HALActivityTableViewController.m */ = {isa = PBXFileReference; fileEncoding = 4; lastKnownFileType = sourcecode.c.objc; path = HALActivityTableViewController.m; sourceTree = "<group>"; };
		29501EE3185A8AD2004AF7F9 /* HALActivityTableViewController.xib */ = {isa = PBXFileReference; fileEncoding = 4; lastKnownFileType = file.xib; path = HALActivityTableViewController.xib; sourceTree = "<group>"; };
		29501EE6185BEE04004AF7F9 /* MapKit.framework */ = {isa = PBXFileReference; lastKnownFileType = wrapper.framework; name = MapKit.framework; path = System/Library/Frameworks/MapKit.framework; sourceTree = SDKROOT; };
		29501EE8185BF76F004AF7F9 /* HALLocationManager.h */ = {isa = PBXFileReference; fileEncoding = 4; lastKnownFileType = sourcecode.c.h; path = HALLocationManager.h; sourceTree = "<group>"; };
		29501EE9185BF76F004AF7F9 /* HALLocationManager.m */ = {isa = PBXFileReference; fileEncoding = 4; lastKnownFileType = sourcecode.c.objc; path = HALLocationManager.m; sourceTree = "<group>"; };
		295E90591853FE3D000BA5FE /* HALBirdRecord.app */ = {isa = PBXFileReference; explicitFileType = wrapper.application; includeInIndex = 0; path = HALBirdRecord.app; sourceTree = BUILT_PRODUCTS_DIR; };
		295E905C1853FE3D000BA5FE /* Foundation.framework */ = {isa = PBXFileReference; lastKnownFileType = wrapper.framework; name = Foundation.framework; path = System/Library/Frameworks/Foundation.framework; sourceTree = SDKROOT; };
		295E905E1853FE3D000BA5FE /* CoreGraphics.framework */ = {isa = PBXFileReference; lastKnownFileType = wrapper.framework; name = CoreGraphics.framework; path = System/Library/Frameworks/CoreGraphics.framework; sourceTree = SDKROOT; };
		295E90601853FE3E000BA5FE /* UIKit.framework */ = {isa = PBXFileReference; lastKnownFileType = wrapper.framework; name = UIKit.framework; path = System/Library/Frameworks/UIKit.framework; sourceTree = SDKROOT; };
		295E90641853FE3E000BA5FE /* HALBirdRecord-Info.plist */ = {isa = PBXFileReference; lastKnownFileType = text.plist.xml; path = "HALBirdRecord-Info.plist"; sourceTree = "<group>"; };
		295E90661853FE3E000BA5FE /* en */ = {isa = PBXFileReference; lastKnownFileType = text.plist.strings; name = en; path = en.lproj/InfoPlist.strings; sourceTree = "<group>"; };
		295E90681853FE3E000BA5FE /* main.m */ = {isa = PBXFileReference; lastKnownFileType = sourcecode.c.objc; path = main.m; sourceTree = "<group>"; };
		295E906A1853FE3E000BA5FE /* HALBirdRecord-Prefix.pch */ = {isa = PBXFileReference; lastKnownFileType = sourcecode.c.h; path = "HALBirdRecord-Prefix.pch"; sourceTree = "<group>"; };
		295E906B1853FE3E000BA5FE /* HALAppDelegate.h */ = {isa = PBXFileReference; lastKnownFileType = sourcecode.c.h; path = HALAppDelegate.h; sourceTree = "<group>"; };
		295E906C1853FE3E000BA5FE /* HALAppDelegate.m */ = {isa = PBXFileReference; lastKnownFileType = sourcecode.c.objc; path = HALAppDelegate.m; sourceTree = "<group>"; };
		295E90741853FE3E000BA5FE /* Images.xcassets */ = {isa = PBXFileReference; lastKnownFileType = folder.assetcatalog; path = Images.xcassets; sourceTree = "<group>"; };
		295E907A1853FE3E000BA5FE /* HALBirdRecordTests.xctest */ = {isa = PBXFileReference; explicitFileType = wrapper.cfbundle; includeInIndex = 0; path = HALBirdRecordTests.xctest; sourceTree = BUILT_PRODUCTS_DIR; };
		295E907B1853FE3E000BA5FE /* XCTest.framework */ = {isa = PBXFileReference; lastKnownFileType = wrapper.framework; name = XCTest.framework; path = Library/Frameworks/XCTest.framework; sourceTree = DEVELOPER_DIR; };
		295E90831853FE3E000BA5FE /* HALBirdRecordTests-Info.plist */ = {isa = PBXFileReference; lastKnownFileType = text.plist.xml; path = "HALBirdRecordTests-Info.plist"; sourceTree = "<group>"; };
		295E90851853FE3E000BA5FE /* en */ = {isa = PBXFileReference; lastKnownFileType = text.plist.strings; name = en; path = en.lproj/InfoPlist.strings; sourceTree = "<group>"; };
		295E90871853FE3E000BA5FE /* HALBirdRecordTests.m */ = {isa = PBXFileReference; lastKnownFileType = sourcecode.c.objc; path = HALBirdRecordTests.m; sourceTree = "<group>"; };
		295E909918540994000BA5FE /* UIViewController+HALViewControllerFromNib.h */ = {isa = PBXFileReference; fileEncoding = 4; lastKnownFileType = sourcecode.c.h; path = "UIViewController+HALViewControllerFromNib.h"; sourceTree = "<group>"; };
		295E909A18540994000BA5FE /* UIViewController+HALViewControllerFromNib.m */ = {isa = PBXFileReference; fileEncoding = 4; lastKnownFileType = sourcecode.c.objc; path = "UIViewController+HALViewControllerFromNib.m"; sourceTree = "<group>"; };
		295E909D18540C44000BA5FE /* BirdKind.plist */ = {isa = PBXFileReference; fileEncoding = 4; lastKnownFileType = text.plist.xml; path = BirdKind.plist; sourceTree = "<group>"; };
		295E90A718541087000BA5FE /* HALBirdKindListViewController.h */ = {isa = PBXFileReference; fileEncoding = 4; lastKnownFileType = sourcecode.c.h; path = HALBirdKindListViewController.h; sourceTree = "<group>"; };
		295E90A818541087000BA5FE /* HALBirdKindListViewController.m */ = {isa = PBXFileReference; fileEncoding = 4; lastKnownFileType = sourcecode.c.objc; path = HALBirdKindListViewController.m; sourceTree = "<group>"; };
		295E90A918541087000BA5FE /* HALBirdKindListViewController.xib */ = {isa = PBXFileReference; fileEncoding = 4; lastKnownFileType = file.xib; path = HALBirdKindListViewController.xib; sourceTree = "<group>"; };
		295E90AC185410C5000BA5FE /* HALFlatBirdKindListTableViewController.h */ = {isa = PBXFileReference; fileEncoding = 4; lastKnownFileType = sourcecode.c.h; path = HALFlatBirdKindListTableViewController.h; sourceTree = "<group>"; };
		295E90AD185410C5000BA5FE /* HALFlatBirdKindListTableViewController.m */ = {isa = PBXFileReference; fileEncoding = 4; lastKnownFileType = sourcecode.c.objc; path = HALFlatBirdKindListTableViewController.m; sourceTree = "<group>"; };
		295E90AE185410C5000BA5FE /* HALFlatBirdKindListTableViewController.xib */ = {isa = PBXFileReference; fileEncoding = 4; lastKnownFileType = file.xib; path = HALFlatBirdKindListTableViewController.xib; sourceTree = "<group>"; };
		295E90B21854111D000BA5FE /* HALBirdKindList.h */ = {isa = PBXFileReference; fileEncoding = 4; lastKnownFileType = sourcecode.c.h; path = HALBirdKindList.h; sourceTree = "<group>"; };
		295E90B31854111D000BA5FE /* HALBirdKindList.m */ = {isa = PBXFileReference; fileEncoding = 4; lastKnownFileType = sourcecode.c.objc; path = HALBirdKindList.m; sourceTree = "<group>"; };
		295E90B618541369000BA5FE /* HALBirdKind.h */ = {isa = PBXFileReference; fileEncoding = 4; lastKnownFileType = sourcecode.c.h; path = HALBirdKind.h; sourceTree = "<group>"; };
		295E90B718541369000BA5FE /* HALBirdKind.m */ = {isa = PBXFileReference; fileEncoding = 4; lastKnownFileType = sourcecode.c.objc; path = HALBirdKind.m; sourceTree = "<group>"; };
		295E90BF18546328000BA5FE /* HALBirdRecord.h */ = {isa = PBXFileReference; fileEncoding = 4; lastKnownFileType = sourcecode.c.h; path = HALBirdRecord.h; sourceTree = "<group>"; };
		295E90C018546328000BA5FE /* HALBirdRecord.m */ = {isa = PBXFileReference; fileEncoding = 4; lastKnownFileType = sourcecode.c.objc; path = HALBirdRecord.m; sourceTree = "<group>"; };
		295E90C2185466F4000BA5FE /* CoreLocation.framework */ = {isa = PBXFileReference; lastKnownFileType = wrapper.framework; name = CoreLocation.framework; path = System/Library/Frameworks/CoreLocation.framework; sourceTree = SDKROOT; };
		295E90C818554739000BA5FE /* HALDB.h */ = {isa = PBXFileReference; fileEncoding = 4; lastKnownFileType = sourcecode.c.h; path = HALDB.h; sourceTree = "<group>"; };
		295E90C918554739000BA5FE /* HALDB.m */ = {isa = PBXFileReference; fileEncoding = 4; lastKnownFileType = sourcecode.c.objc; path = HALDB.m; sourceTree = "<group>"; };
		295E90CB1855488C000BA5FE /* NSURL+HALLocalFileURL.h */ = {isa = PBXFileReference; fileEncoding = 4; lastKnownFileType = sourcecode.c.h; path = "NSURL+HALLocalFileURL.h"; sourceTree = "<group>"; };
		295E90CC1855488C000BA5FE /* NSURL+HALLocalFileURL.m */ = {isa = PBXFileReference; fileEncoding = 4; lastKnownFileType = sourcecode.c.objc; path = "NSURL+HALLocalFileURL.m"; sourceTree = "<group>"; };
		295E90CE18560789000BA5FE /* HALActivity.h */ = {isa = PBXFileReference; fileEncoding = 4; lastKnownFileType = sourcecode.c.h; path = HALActivity.h; sourceTree = "<group>"; };
		295E90CF18560789000BA5FE /* HALActivity.m */ = {isa = PBXFileReference; fileEncoding = 4; lastKnownFileType = sourcecode.c.objc; path = HALActivity.m; sourceTree = "<group>"; };
		295E90D118575F52000BA5FE /* HALSaveActivityViewController.h */ = {isa = PBXFileReference; fileEncoding = 4; lastKnownFileType = sourcecode.c.h; path = HALSaveActivityViewController.h; sourceTree = "<group>"; };
		295E90D218575F52000BA5FE /* HALSaveActivityViewController.m */ = {isa = PBXFileReference; fileEncoding = 4; lastKnownFileType = sourcecode.c.objc; path = HALSaveActivityViewController.m; sourceTree = "<group>"; };
		295E90D318575F52000BA5FE /* HALSaveActivityViewController.xib */ = {isa = PBXFileReference; fileEncoding = 4; lastKnownFileType = file.xib; path = HALSaveActivityViewController.xib; sourceTree = "<group>"; };
		295E90D618576E84000BA5FE /* NSDate+HALDateString.h */ = {isa = PBXFileReference; fileEncoding = 4; lastKnownFileType = sourcecode.c.h; path = "NSDate+HALDateString.h"; sourceTree = "<group>"; };
		295E90D718576E84000BA5FE /* NSDate+HALDateString.m */ = {isa = PBXFileReference; fileEncoding = 4; lastKnownFileType = sourcecode.c.objc; path = "NSDate+HALDateString.m"; sourceTree = "<group>"; };
		295E90D91857ECC5000BA5FE /* UIViewController+HALSetCancelButton.h */ = {isa = PBXFileReference; fileEncoding = 4; lastKnownFileType = sourcecode.c.h; path = "UIViewController+HALSetCancelButton.h"; sourceTree = "<group>"; };
		295E90DA1857ECC5000BA5FE /* UIViewController+HALSetCancelButton.m */ = {isa = PBXFileReference; fileEncoding = 4; lastKnownFileType = sourcecode.c.objc; path = "UIViewController+HALSetCancelButton.m"; sourceTree = "<group>"; };
		295E90DD18587EEC000BA5FE /* HALActivityListViewController.h */ = {isa = PBXFileReference; fileEncoding = 4; lastKnownFileType = sourcecode.c.h; path = HALActivityListViewController.h; sourceTree = "<group>"; };
		295E90DE18587EEC000BA5FE /* HALActivityListViewController.m */ = {isa = PBXFileReference; fileEncoding = 4; lastKnownFileType = sourcecode.c.objc; path = HALActivityListViewController.m; sourceTree = "<group>"; };
		295E90DF18587EEC000BA5FE /* HALActivityListViewController.xib */ = {isa = PBXFileReference; fileEncoding = 4; lastKnownFileType = file.xib; path = HALActivityListViewController.xib; sourceTree = "<group>"; };
		295E90E218587F14000BA5FE /* HALActivityListTableViewController.h */ = {isa = PBXFileReference; fileEncoding = 4; lastKnownFileType = sourcecode.c.h; path = HALActivityListTableViewController.h; sourceTree = "<group>"; };
		295E90E318587F14000BA5FE /* HALActivityListTableViewController.m */ = {isa = PBXFileReference; fileEncoding = 4; lastKnownFileType = sourcecode.c.objc; path = HALActivityListTableViewController.m; sourceTree = "<group>"; };
		295E90E418587F14000BA5FE /* HALActivityListTableViewController.xib */ = {isa = PBXFileReference; fileEncoding = 4; lastKnownFileType = file.xib; path = HALActivityListTableViewController.xib; sourceTree = "<group>"; };
		2E26AEA3F8A241B2901F84F9 /* Pods.xcconfig */ = {isa = PBXFileReference; includeInIndex = 1; lastKnownFileType = text.xcconfig; name = Pods.xcconfig; path = Pods/Pods.xcconfig; sourceTree = "<group>"; };
		453973F184E84C35930BA507 /* Pods-HALBirdRecordTests.xcconfig */ = {isa = PBXFileReference; includeInIndex = 1; lastKnownFileType = text.xcconfig; name = "Pods-HALBirdRecordTests.xcconfig"; path = "Pods/Pods-HALBirdRecordTests.xcconfig"; sourceTree = "<group>"; };
		A83F48CF6BC54B5CA5918A6C /* libPods.a */ = {isa = PBXFileReference; explicitFileType = archive.ar; includeInIndex = 0; path = libPods.a; sourceTree = BUILT_PRODUCTS_DIR; };
		C62F65DBDAAF458D961E9430 /* libPods-HALBirdRecordTests.a */ = {isa = PBXFileReference; explicitFileType = archive.ar; includeInIndex = 0; path = "libPods-HALBirdRecordTests.a"; sourceTree = BUILT_PRODUCTS_DIR; };
/* End PBXFileReference section */

/* Begin PBXFrameworksBuildPhase section */
		295E90561853FE3D000BA5FE /* Frameworks */ = {
			isa = PBXFrameworksBuildPhase;
			buildActionMask = 2147483647;
			files = (
				29501EE7185BEE04004AF7F9 /* MapKit.framework in Frameworks */,
				295E90C3185466F4000BA5FE /* CoreLocation.framework in Frameworks */,
				295E905F1853FE3D000BA5FE /* CoreGraphics.framework in Frameworks */,
				295E90611853FE3E000BA5FE /* UIKit.framework in Frameworks */,
				295E905D1853FE3D000BA5FE /* Foundation.framework in Frameworks */,
				8CB74CD249324A338FFEA57C /* libPods.a in Frameworks */,
			);
			runOnlyForDeploymentPostprocessing = 0;
		};
		295E90771853FE3E000BA5FE /* Frameworks */ = {
			isa = PBXFrameworksBuildPhase;
			buildActionMask = 2147483647;
			files = (
				295E907C1853FE3E000BA5FE /* XCTest.framework in Frameworks */,
				295E907E1853FE3E000BA5FE /* UIKit.framework in Frameworks */,
				295E907D1853FE3E000BA5FE /* Foundation.framework in Frameworks */,
				A816F01858504F41A6567D35 /* libPods-HALBirdRecordTests.a in Frameworks */,
			);
			runOnlyForDeploymentPostprocessing = 0;
		};
/* End PBXFrameworksBuildPhase section */

/* Begin PBXGroup section */
		29501ED8185A89E0004AF7F9 /* Activity */ = {
			isa = PBXGroup;
			children = (
				29501EDC185A8AB5004AF7F9 /* HALActivityViewController.h */,
				29501EDD185A8AB5004AF7F9 /* HALActivityViewController.m */,
				29501EDE185A8AB5004AF7F9 /* HALActivityViewController.xib */,
				29501EE1185A8AD2004AF7F9 /* HALActivityTableViewController.h */,
				29501EE2185A8AD2004AF7F9 /* HALActivityTableViewController.m */,
				29501EE3185A8AD2004AF7F9 /* HALActivityTableViewController.xib */,
			);
			path = Activity;
			sourceTree = "<group>";
		};
		295E90501853FE3D000BA5FE = {
			isa = PBXGroup;
			children = (
				295E90621853FE3E000BA5FE /* HALBirdRecord */,
				295E90811853FE3E000BA5FE /* HALBirdRecordTests */,
				295E905B1853FE3D000BA5FE /* Frameworks */,
				295E905A1853FE3D000BA5FE /* Products */,
				2E26AEA3F8A241B2901F84F9 /* Pods.xcconfig */,
				453973F184E84C35930BA507 /* Pods-HALBirdRecordTests.xcconfig */,
			);
			sourceTree = "<group>";
		};
		295E905A1853FE3D000BA5FE /* Products */ = {
			isa = PBXGroup;
			children = (
				295E90591853FE3D000BA5FE /* HALBirdRecord.app */,
				295E907A1853FE3E000BA5FE /* HALBirdRecordTests.xctest */,
			);
			name = Products;
			sourceTree = "<group>";
		};
		295E905B1853FE3D000BA5FE /* Frameworks */ = {
			isa = PBXGroup;
			children = (
				29501EE6185BEE04004AF7F9 /* MapKit.framework */,
				295E90C2185466F4000BA5FE /* CoreLocation.framework */,
				295E905C1853FE3D000BA5FE /* Foundation.framework */,
				295E905E1853FE3D000BA5FE /* CoreGraphics.framework */,
				295E90601853FE3E000BA5FE /* UIKit.framework */,
				295E907B1853FE3E000BA5FE /* XCTest.framework */,
				A83F48CF6BC54B5CA5918A6C /* libPods.a */,
				C62F65DBDAAF458D961E9430 /* libPods-HALBirdRecordTests.a */,
			);
			name = Frameworks;
			sourceTree = "<group>";
		};
		295E90621853FE3E000BA5FE /* HALBirdRecord */ = {
			isa = PBXGroup;
			children = (
				295E906B1853FE3E000BA5FE /* HALAppDelegate.h */,
				295E906C1853FE3E000BA5FE /* HALAppDelegate.m */,
				295E90741853FE3E000BA5FE /* Images.xcassets */,
				295E909818540910000BA5FE /* Category */,
				295E909C18540BDB000BA5FE /* Data */,
				295E90B518541332000BA5FE /* Entity */,
				295E90B1185410D4000BA5FE /* Model */,
				295E90631853FE3E000BA5FE /* Supporting Files */,
				295E909118540804000BA5FE /* ViewController */,
			);
			path = HALBirdRecord;
			sourceTree = "<group>";
		};
		295E90631853FE3E000BA5FE /* Supporting Files */ = {
			isa = PBXGroup;
			children = (
				295E90641853FE3E000BA5FE /* HALBirdRecord-Info.plist */,
				295E90651853FE3E000BA5FE /* InfoPlist.strings */,
				295E90681853FE3E000BA5FE /* main.m */,
				295E906A1853FE3E000BA5FE /* HALBirdRecord-Prefix.pch */,
			);
			name = "Supporting Files";
			sourceTree = "<group>";
		};
		295E90811853FE3E000BA5FE /* HALBirdRecordTests */ = {
			isa = PBXGroup;
			children = (
				295E90871853FE3E000BA5FE /* HALBirdRecordTests.m */,
				295E90821853FE3E000BA5FE /* Supporting Files */,
			);
			path = HALBirdRecordTests;
			sourceTree = "<group>";
		};
		295E90821853FE3E000BA5FE /* Supporting Files */ = {
			isa = PBXGroup;
			children = (
				295E90831853FE3E000BA5FE /* HALBirdRecordTests-Info.plist */,
				295E90841853FE3E000BA5FE /* InfoPlist.strings */,
			);
			name = "Supporting Files";
			sourceTree = "<group>";
		};
		295E909118540804000BA5FE /* ViewController */ = {
			isa = PBXGroup;
			children = (
				29501ED8185A89E0004AF7F9 /* Activity */,
				295E90DC18587E77000BA5FE /* ActivityList */,
				295E909218540836000BA5FE /* BirdRecording */,
			);
			path = ViewController;
			sourceTree = "<group>";
		};
		295E909218540836000BA5FE /* BirdRecording */ = {
			isa = PBXGroup;
			children = (
				295E90A718541087000BA5FE /* HALBirdKindListViewController.h */,
				295E90A818541087000BA5FE /* HALBirdKindListViewController.m */,
				295E90A918541087000BA5FE /* HALBirdKindListViewController.xib */,
				295E90AC185410C5000BA5FE /* HALFlatBirdKindListTableViewController.h */,
				295E90AD185410C5000BA5FE /* HALFlatBirdKindListTableViewController.m */,
				295E90AE185410C5000BA5FE /* HALFlatBirdKindListTableViewController.xib */,
				295E90D118575F52000BA5FE /* HALSaveActivityViewController.h */,
				295E90D218575F52000BA5FE /* HALSaveActivityViewController.m */,
				295E90D318575F52000BA5FE /* HALSaveActivityViewController.xib */,
			);
			path = BirdRecording;
			sourceTree = "<group>";
		};
		295E909818540910000BA5FE /* Category */ = {
			isa = PBXGroup;
			children = (
				295E909918540994000BA5FE /* UIViewController+HALViewControllerFromNib.h */,
				295E909A18540994000BA5FE /* UIViewController+HALViewControllerFromNib.m */,
				295E90CB1855488C000BA5FE /* NSURL+HALLocalFileURL.h */,
				295E90CC1855488C000BA5FE /* NSURL+HALLocalFileURL.m */,
				295E90D618576E84000BA5FE /* NSDate+HALDateString.h */,
				295E90D718576E84000BA5FE /* NSDate+HALDateString.m */,
				295E90D91857ECC5000BA5FE /* UIViewController+HALSetCancelButton.h */,
				295E90DA1857ECC5000BA5FE /* UIViewController+HALSetCancelButton.m */,
			);
			path = Category;
			sourceTree = "<group>";
		};
		295E909C18540BDB000BA5FE /* Data */ = {
			isa = PBXGroup;
			children = (
				295E909D18540C44000BA5FE /* BirdKind.plist */,
			);
			path = Data;
			sourceTree = "<group>";
		};
		295E90B1185410D4000BA5FE /* Model */ = {
			isa = PBXGroup;
			children = (
				29501ECE1858C8B6004AF7F9 /* HALActivityManager.h */,
				29501ECF1858C8B6004AF7F9 /* HALActivityManager.m */,
				295E90C818554739000BA5FE /* HALDB.h */,
				295E90C918554739000BA5FE /* HALDB.m */,
				29501EE8185BF76F004AF7F9 /* HALLocationManager.h */,
				29501EE9185BF76F004AF7F9 /* HALLocationManager.m */,
			);
			path = Model;
			sourceTree = "<group>";
		};
		295E90B518541332000BA5FE /* Entity */ = {
			isa = PBXGroup;
			children = (
				295E90CE18560789000BA5FE /* HALActivity.h */,
				295E90CF18560789000BA5FE /* HALActivity.m */,
				295E90B618541369000BA5FE /* HALBirdKind.h */,
				295E90B718541369000BA5FE /* HALBirdKind.m */,
				295E90B21854111D000BA5FE /* HALBirdKindList.h */,
				295E90B31854111D000BA5FE /* HALBirdKindList.m */,
				295E90BF18546328000BA5FE /* HALBirdRecord.h */,
				295E90C018546328000BA5FE /* HALBirdRecord.m */,
			);
			path = Entity;
			sourceTree = "<group>";
		};
		295E90DC18587E77000BA5FE /* ActivityList */ = {
			isa = PBXGroup;
			children = (
				295E90DD18587EEC000BA5FE /* HALActivityListViewController.h */,
				295E90DE18587EEC000BA5FE /* HALActivityListViewController.m */,
				295E90DF18587EEC000BA5FE /* HALActivityListViewController.xib */,
				295E90E218587F14000BA5FE /* HALActivityListTableViewController.h */,
				295E90E318587F14000BA5FE /* HALActivityListTableViewController.m */,
				295E90E418587F14000BA5FE /* HALActivityListTableViewController.xib */,
			);
			path = ActivityList;
			sourceTree = "<group>";
		};
/* End PBXGroup section */

/* Begin PBXNativeTarget section */
		295E90581853FE3D000BA5FE /* HALBirdRecord */ = {
			isa = PBXNativeTarget;
			buildConfigurationList = 295E908B1853FE3E000BA5FE /* Build configuration list for PBXNativeTarget "HALBirdRecord" */;
			buildPhases = (
				B3F38DC59B9B48EF9EF358A5 /* Check Pods Manifest.lock */,
				295E90551853FE3D000BA5FE /* Sources */,
				295E90561853FE3D000BA5FE /* Frameworks */,
				295E90571853FE3D000BA5FE /* Resources */,
				A7D2BDBBC8954FC5A24E97DF /* Copy Pods Resources */,
			);
			buildRules = (
			);
			dependencies = (
			);
			name = HALBirdRecord;
			productName = HALBirdRecord;
			productReference = 295E90591853FE3D000BA5FE /* HALBirdRecord.app */;
			productType = "com.apple.product-type.application";
		};
		295E90791853FE3E000BA5FE /* HALBirdRecordTests */ = {
			isa = PBXNativeTarget;
			buildConfigurationList = 295E908E1853FE3E000BA5FE /* Build configuration list for PBXNativeTarget "HALBirdRecordTests" */;
			buildPhases = (
				1A44A5E89E5E4BD6B64FE8E6 /* Check Pods Manifest.lock */,
				295E90761853FE3E000BA5FE /* Sources */,
				295E90771853FE3E000BA5FE /* Frameworks */,
				295E90781853FE3E000BA5FE /* Resources */,
				91AF4ED923154C24A28C86AD /* Copy Pods Resources */,
			);
			buildRules = (
			);
			dependencies = (
				295E90801853FE3E000BA5FE /* PBXTargetDependency */,
			);
			name = HALBirdRecordTests;
			productName = HALBirdRecordTests;
			productReference = 295E907A1853FE3E000BA5FE /* HALBirdRecordTests.xctest */;
			productType = "com.apple.product-type.bundle.unit-test";
		};
/* End PBXNativeTarget section */

/* Begin PBXProject section */
		295E90511853FE3D000BA5FE /* Project object */ = {
			isa = PBXProject;
			attributes = {
				CLASSPREFIX = HAL;
				LastUpgradeCheck = 0500;
				ORGANIZATIONNAME = halhorn;
				TargetAttributes = {
					295E90791853FE3E000BA5FE = {
						TestTargetID = 295E90581853FE3D000BA5FE;
					};
				};
			};
			buildConfigurationList = 295E90541853FE3D000BA5FE /* Build configuration list for PBXProject "HALBirdRecord" */;
			compatibilityVersion = "Xcode 3.2";
			developmentRegion = English;
			hasScannedForEncodings = 0;
			knownRegions = (
				en,
				Base,
			);
			mainGroup = 295E90501853FE3D000BA5FE;
			productRefGroup = 295E905A1853FE3D000BA5FE /* Products */;
			projectDirPath = "";
			projectRoot = "";
			targets = (
				295E90581853FE3D000BA5FE /* HALBirdRecord */,
				295E90791853FE3E000BA5FE /* HALBirdRecordTests */,
			);
		};
/* End PBXProject section */

/* Begin PBXResourcesBuildPhase section */
		295E90571853FE3D000BA5FE /* Resources */ = {
			isa = PBXResourcesBuildPhase;
			buildActionMask = 2147483647;
			files = (
				29501EE5185A8AD2004AF7F9 /* HALActivityTableViewController.xib in Resources */,
				295E909E18540C44000BA5FE /* BirdKind.plist in Resources */,
				295E90751853FE3E000BA5FE /* Images.xcassets in Resources */,
				295E90D518575F52000BA5FE /* HALSaveActivityViewController.xib in Resources */,
				295E90671853FE3E000BA5FE /* InfoPlist.strings in Resources */,
				295E90E618587F14000BA5FE /* HALActivityListTableViewController.xib in Resources */,
				295E90AB18541087000BA5FE /* HALBirdKindListViewController.xib in Resources */,
				29501EE0185A8AB5004AF7F9 /* HALActivityViewController.xib in Resources */,
				295E90E118587EEC000BA5FE /* HALActivityListViewController.xib in Resources */,
				295E90B0185410C5000BA5FE /* HALFlatBirdKindListTableViewController.xib in Resources */,
			);
			runOnlyForDeploymentPostprocessing = 0;
		};
		295E90781853FE3E000BA5FE /* Resources */ = {
			isa = PBXResourcesBuildPhase;
			buildActionMask = 2147483647;
			files = (
				295E90861853FE3E000BA5FE /* InfoPlist.strings in Resources */,
			);
			runOnlyForDeploymentPostprocessing = 0;
		};
/* End PBXResourcesBuildPhase section */

/* Begin PBXShellScriptBuildPhase section */
		1A44A5E89E5E4BD6B64FE8E6 /* Check Pods Manifest.lock */ = {
			isa = PBXShellScriptBuildPhase;
			buildActionMask = 2147483647;
			files = (
			);
			inputPaths = (
			);
			name = "Check Pods Manifest.lock";
			outputPaths = (
			);
			runOnlyForDeploymentPostprocessing = 0;
			shellPath = /bin/sh;
			shellScript = "diff \"${PODS_ROOT}/../Podfile.lock\" \"${PODS_ROOT}/Manifest.lock\" > /dev/null\nif [[ $? != 0 ]] ; then\n    cat << EOM\nerror: The sandbox is not in sync with the Podfile.lock. Run 'pod install' or update your CocoaPods installation.\nEOM\n    exit 1\nfi\n";
			showEnvVarsInLog = 0;
		};
		91AF4ED923154C24A28C86AD /* Copy Pods Resources */ = {
			isa = PBXShellScriptBuildPhase;
			buildActionMask = 2147483647;
			files = (
			);
			inputPaths = (
			);
			name = "Copy Pods Resources";
			outputPaths = (
			);
			runOnlyForDeploymentPostprocessing = 0;
			shellPath = /bin/sh;
			shellScript = "\"${SRCROOT}/Pods/Pods-HALBirdRecordTests-resources.sh\"\n";
			showEnvVarsInLog = 0;
		};
		A7D2BDBBC8954FC5A24E97DF /* Copy Pods Resources */ = {
			isa = PBXShellScriptBuildPhase;
			buildActionMask = 2147483647;
			files = (
			);
			inputPaths = (
			);
			name = "Copy Pods Resources";
			outputPaths = (
			);
			runOnlyForDeploymentPostprocessing = 0;
			shellPath = /bin/sh;
			shellScript = "\"${SRCROOT}/Pods/Pods-resources.sh\"\n";
			showEnvVarsInLog = 0;
		};
		B3F38DC59B9B48EF9EF358A5 /* Check Pods Manifest.lock */ = {
			isa = PBXShellScriptBuildPhase;
			buildActionMask = 2147483647;
			files = (
			);
			inputPaths = (
			);
			name = "Check Pods Manifest.lock";
			outputPaths = (
			);
			runOnlyForDeploymentPostprocessing = 0;
			shellPath = /bin/sh;
			shellScript = "diff \"${PODS_ROOT}/../Podfile.lock\" \"${PODS_ROOT}/Manifest.lock\" > /dev/null\nif [[ $? != 0 ]] ; then\n    cat << EOM\nerror: The sandbox is not in sync with the Podfile.lock. Run 'pod install' or update your CocoaPods installation.\nEOM\n    exit 1\nfi\n";
			showEnvVarsInLog = 0;
		};
/* End PBXShellScriptBuildPhase section */

/* Begin PBXSourcesBuildPhase section */
		295E90551853FE3D000BA5FE /* Sources */ = {
			isa = PBXSourcesBuildPhase;
			buildActionMask = 2147483647;
			files = (
				29501EEA185BF76F004AF7F9 /* HALLocationManager.m in Sources */,
				295E906D1853FE3E000BA5FE /* HALAppDelegate.m in Sources */,
				29501EDF185A8AB5004AF7F9 /* HALActivityViewController.m in Sources */,
				295E90E518587F14000BA5FE /* HALActivityListTableViewController.m in Sources */,
				295E90DB1857ECC6000BA5FE /* UIViewController+HALSetCancelButton.m in Sources */,
				295E90AA18541087000BA5FE /* HALBirdKindListViewController.m in Sources */,
				295E90691853FE3E000BA5FE /* main.m in Sources */,
				295E909B18540994000BA5FE /* UIViewController+HALViewControllerFromNib.m in Sources */,
				295E90D418575F52000BA5FE /* HALSaveActivityViewController.m in Sources */,
				295E90B818541369000BA5FE /* HALBirdKind.m in Sources */,
				295E90E018587EEC000BA5FE /* HALActivityListViewController.m in Sources */,
				295E90D818576E84000BA5FE /* NSDate+HALDateString.m in Sources */,
				29501EE4185A8AD2004AF7F9 /* HALActivityTableViewController.m in Sources */,
				295E90D018560789000BA5FE /* HALActivity.m in Sources */,
				295E90C118546328000BA5FE /* HALBirdRecord.m in Sources */,
				295E90CA18554739000BA5FE /* HALDB.m in Sources */,
				295E90B41854111D000BA5FE /* HALBirdKindList.m in Sources */,
				29501ED01858C8B6004AF7F9 /* HALActivityManager.m in Sources */,
				295E90AF185410C5000BA5FE /* HALFlatBirdKindListTableViewController.m in Sources */,
				295E90CD1855488C000BA5FE /* NSURL+HALLocalFileURL.m in Sources */,
			);
			runOnlyForDeploymentPostprocessing = 0;
		};
		295E90761853FE3E000BA5FE /* Sources */ = {
			isa = PBXSourcesBuildPhase;
			buildActionMask = 2147483647;
			files = (
				295E90881853FE3E000BA5FE /* HALBirdRecordTests.m in Sources */,
			);
			runOnlyForDeploymentPostprocessing = 0;
		};
/* End PBXSourcesBuildPhase section */

/* Begin PBXTargetDependency section */
		295E90801853FE3E000BA5FE /* PBXTargetDependency */ = {
			isa = PBXTargetDependency;
			target = 295E90581853FE3D000BA5FE /* HALBirdRecord */;
			targetProxy = 295E907F1853FE3E000BA5FE /* PBXContainerItemProxy */;
		};
/* End PBXTargetDependency section */

/* Begin PBXVariantGroup section */
		295E90651853FE3E000BA5FE /* InfoPlist.strings */ = {
			isa = PBXVariantGroup;
			children = (
				295E90661853FE3E000BA5FE /* en */,
			);
			name = InfoPlist.strings;
			sourceTree = "<group>";
		};
		295E90841853FE3E000BA5FE /* InfoPlist.strings */ = {
			isa = PBXVariantGroup;
			children = (
				295E90851853FE3E000BA5FE /* en */,
			);
			name = InfoPlist.strings;
			sourceTree = "<group>";
		};
/* End PBXVariantGroup section */

/* Begin XCBuildConfiguration section */
		295E90891853FE3E000BA5FE /* Debug */ = {
			isa = XCBuildConfiguration;
			buildSettings = {
				ALWAYS_SEARCH_USER_PATHS = NO;
				ARCHS = "$(ARCHS_STANDARD_INCLUDING_64_BIT)";
				CLANG_CXX_LANGUAGE_STANDARD = "gnu++0x";
				CLANG_CXX_LIBRARY = "libc++";
				CLANG_ENABLE_MODULES = YES;
				CLANG_ENABLE_OBJC_ARC = YES;
				CLANG_WARN_BOOL_CONVERSION = YES;
				CLANG_WARN_CONSTANT_CONVERSION = YES;
				CLANG_WARN_DIRECT_OBJC_ISA_USAGE = YES_ERROR;
				CLANG_WARN_EMPTY_BODY = YES;
				CLANG_WARN_ENUM_CONVERSION = YES;
				CLANG_WARN_INT_CONVERSION = YES;
				CLANG_WARN_OBJC_ROOT_CLASS = YES_ERROR;
				CLANG_WARN__DUPLICATE_METHOD_MATCH = YES;
				"CODE_SIGN_IDENTITY[sdk=iphoneos*]" = "iPhone Developer";
				COPY_PHASE_STRIP = NO;
				GCC_C_LANGUAGE_STANDARD = gnu99;
				GCC_DYNAMIC_NO_PIC = NO;
				GCC_OPTIMIZATION_LEVEL = 0;
				GCC_PREPROCESSOR_DEFINITIONS = (
					"DEBUG=1",
					"$(inherited)",
				);
				GCC_SYMBOLS_PRIVATE_EXTERN = NO;
				GCC_WARN_64_TO_32_BIT_CONVERSION = YES;
				GCC_WARN_ABOUT_RETURN_TYPE = YES_ERROR;
				GCC_WARN_UNDECLARED_SELECTOR = YES;
				GCC_WARN_UNINITIALIZED_AUTOS = YES;
				GCC_WARN_UNUSED_FUNCTION = YES;
				GCC_WARN_UNUSED_VARIABLE = YES;
				IPHONEOS_DEPLOYMENT_TARGET = 6.1;
				ONLY_ACTIVE_ARCH = YES;
				SDKROOT = iphoneos;
			};
			name = Debug;
		};
		295E908A1853FE3E000BA5FE /* Release */ = {
			isa = XCBuildConfiguration;
			buildSettings = {
				ALWAYS_SEARCH_USER_PATHS = NO;
				ARCHS = "$(ARCHS_STANDARD_INCLUDING_64_BIT)";
				CLANG_CXX_LANGUAGE_STANDARD = "gnu++0x";
				CLANG_CXX_LIBRARY = "libc++";
				CLANG_ENABLE_MODULES = YES;
				CLANG_ENABLE_OBJC_ARC = YES;
				CLANG_WARN_BOOL_CONVERSION = YES;
				CLANG_WARN_CONSTANT_CONVERSION = YES;
				CLANG_WARN_DIRECT_OBJC_ISA_USAGE = YES_ERROR;
				CLANG_WARN_EMPTY_BODY = YES;
				CLANG_WARN_ENUM_CONVERSION = YES;
				CLANG_WARN_INT_CONVERSION = YES;
				CLANG_WARN_OBJC_ROOT_CLASS = YES_ERROR;
				CLANG_WARN__DUPLICATE_METHOD_MATCH = YES;
				"CODE_SIGN_IDENTITY[sdk=iphoneos*]" = "iPhone Developer";
				COPY_PHASE_STRIP = YES;
				ENABLE_NS_ASSERTIONS = NO;
				GCC_C_LANGUAGE_STANDARD = gnu99;
				GCC_WARN_64_TO_32_BIT_CONVERSION = YES;
				GCC_WARN_ABOUT_RETURN_TYPE = YES_ERROR;
				GCC_WARN_UNDECLARED_SELECTOR = YES;
				GCC_WARN_UNINITIALIZED_AUTOS = YES;
				GCC_WARN_UNUSED_FUNCTION = YES;
				GCC_WARN_UNUSED_VARIABLE = YES;
				IPHONEOS_DEPLOYMENT_TARGET = 6.1;
				SDKROOT = iphoneos;
				VALIDATE_PRODUCT = YES;
			};
			name = Release;
		};
		295E908C1853FE3E000BA5FE /* Debug */ = {
			isa = XCBuildConfiguration;
			baseConfigurationReference = 2E26AEA3F8A241B2901F84F9 /* Pods.xcconfig */;
			buildSettings = {
				ASSETCATALOG_COMPILER_APPICON_NAME = AppIcon;
				ASSETCATALOG_COMPILER_LAUNCHIMAGE_NAME = LaunchImage;
				GCC_PRECOMPILE_PREFIX_HEADER = YES;
				GCC_PREFIX_HEADER = "HALBirdRecord/HALBirdRecord-Prefix.pch";
				INFOPLIST_FILE = "HALBirdRecord/HALBirdRecord-Info.plist";
				PRODUCT_NAME = "$(TARGET_NAME)";
				WRAPPER_EXTENSION = app;
			};
			name = Debug;
		};
		295E908D1853FE3E000BA5FE /* Release */ = {
			isa = XCBuildConfiguration;
			baseConfigurationReference = 2E26AEA3F8A241B2901F84F9 /* Pods.xcconfig */;
			buildSettings = {
				ASSETCATALOG_COMPILER_APPICON_NAME = AppIcon;
				ASSETCATALOG_COMPILER_LAUNCHIMAGE_NAME = LaunchImage;
				GCC_PRECOMPILE_PREFIX_HEADER = YES;
				GCC_PREFIX_HEADER = "HALBirdRecord/HALBirdRecord-Prefix.pch";
				INFOPLIST_FILE = "HALBirdRecord/HALBirdRecord-Info.plist";
				PRODUCT_NAME = "$(TARGET_NAME)";
				WRAPPER_EXTENSION = app;
			};
			name = Release;
		};
		295E908F1853FE3E000BA5FE /* Debug */ = {
			isa = XCBuildConfiguration;
			baseConfigurationReference = 453973F184E84C35930BA507 /* Pods-HALBirdRecordTests.xcconfig */;
			buildSettings = {
				ARCHS = "$(ARCHS_STANDARD_INCLUDING_64_BIT)";
				BUNDLE_LOADER = "$(BUILT_PRODUCTS_DIR)/HALBirdRecord.app/HALBirdRecord";
				FRAMEWORK_SEARCH_PATHS = (
					"$(SDKROOT)/Developer/Library/Frameworks",
					"$(inherited)",
					"$(DEVELOPER_FRAMEWORKS_DIR)",
				);
				GCC_PRECOMPILE_PREFIX_HEADER = YES;
				GCC_PREFIX_HEADER = "HALBirdRecord/HALBirdRecord-Prefix.pch";
				GCC_PREPROCESSOR_DEFINITIONS = (
					"DEBUG=1",
					"$(inherited)",
				);
				INFOPLIST_FILE = "HALBirdRecordTests/HALBirdRecordTests-Info.plist";
				PRODUCT_NAME = "$(TARGET_NAME)";
				TEST_HOST = "$(BUNDLE_LOADER)";
				WRAPPER_EXTENSION = xctest;
			};
			name = Debug;
		};
		295E90901853FE3E000BA5FE /* Release */ = {
			isa = XCBuildConfiguration;
			baseConfigurationReference = 453973F184E84C35930BA507 /* Pods-HALBirdRecordTests.xcconfig */;
			buildSettings = {
				ARCHS = "$(ARCHS_STANDARD_INCLUDING_64_BIT)";
				BUNDLE_LOADER = "$(BUILT_PRODUCTS_DIR)/HALBirdRecord.app/HALBirdRecord";
				FRAMEWORK_SEARCH_PATHS = (
					"$(SDKROOT)/Developer/Library/Frameworks",
					"$(inherited)",
					"$(DEVELOPER_FRAMEWORKS_DIR)",
				);
				GCC_PRECOMPILE_PREFIX_HEADER = YES;
				GCC_PREFIX_HEADER = "HALBirdRecord/HALBirdRecord-Prefix.pch";
				INFOPLIST_FILE = "HALBirdRecordTests/HALBirdRecordTests-Info.plist";
				PRODUCT_NAME = "$(TARGET_NAME)";
				TEST_HOST = "$(BUNDLE_LOADER)";
				WRAPPER_EXTENSION = xctest;
			};
			name = Release;
		};
/* End XCBuildConfiguration section */

/* Begin XCConfigurationList section */
		295E90541853FE3D000BA5FE /* Build configuration list for PBXProject "HALBirdRecord" */ = {
			isa = XCConfigurationList;
			buildConfigurations = (
				295E90891853FE3E000BA5FE /* Debug */,
				295E908A1853FE3E000BA5FE /* Release */,
			);
			defaultConfigurationIsVisible = 0;
			defaultConfigurationName = Release;
		};
		295E908B1853FE3E000BA5FE /* Build configuration list for PBXNativeTarget "HALBirdRecord" */ = {
			isa = XCConfigurationList;
			buildConfigurations = (
				295E908C1853FE3E000BA5FE /* Debug */,
				295E908D1853FE3E000BA5FE /* Release */,
			);
			defaultConfigurationIsVisible = 0;
			defaultConfigurationName = Release;
		};
		295E908E1853FE3E000BA5FE /* Build configuration list for PBXNativeTarget "HALBirdRecordTests" */ = {
			isa = XCConfigurationList;
			buildConfigurations = (
				295E908F1853FE3E000BA5FE /* Debug */,
				295E90901853FE3E000BA5FE /* Release */,
			);
			defaultConfigurationIsVisible = 0;
			defaultConfigurationName = Release;
		};
/* End XCConfigurationList section */
	};
	rootObject = 295E90511853FE3D000BA5FE /* Project object */;
}
